PATH
  remote: .
  specs:
    etna (0.1.52)
      addressable
      concurrent-ruby
      curb
      jwt
      multipart-post (~> 2.1.1)
      net-ssh
      nokogiri
      rack
      rollbar

GEM
  remote: http://rubygems.org/
  specs:
    activemodel (8.1.2)
      activesupport (= 8.1.2)
    activerecord (8.1.2)
      activemodel (= 8.1.2)
      activesupport (= 8.1.2)
      timeout (>= 0.4.0)
    activesupport (8.1.2)
      base64
      bigdecimal
      concurrent-ruby (~> 1.0, >= 1.3.1)
      connection_pool (>= 2.2.5)
      drb
      i18n (>= 1.6, < 2)
      json
      logger (>= 1.4.2)
      minitest (>= 5.1)
      securerandom (>= 0.3)
      tzinfo (~> 2.0, >= 2.0.5)
      uri (>= 0.13.1)
    addressable (2.8.9)
      public_suffix (>= 2.0.2, < 8.0)
    anyway_config (2.8.0)
      ruby-next-core (~> 1.0)
    base64 (0.3.0)
    bcrypt_pbkdf (1.1.2)
    bigdecimal (4.0.1)
    builder (3.3.0)
    byebug (13.0.0)
      reline (>= 0.6.0)
    coderay (1.1.3)
    concurrent-ruby (1.3.6)
    connection_pool (3.0.2)
    crack (1.0.1)
      bigdecimal
      rexml
    csv (3.3.5)
    curb (1.2.2)
    daru (0.3)
      packable (~> 1.3.13)
    database_cleaner (1.8.5)
    debase (0.2.9)
      debase-ruby_core_source (>= 3.4.1)
    debase-ruby_core_source (4.0.0)
    diff-lcs (1.6.2)
    docile (1.4.1)
    drb (2.2.3)
    dry-initializer (3.2.0)
    ed25519 (1.4.0)
    excon (1.3.2)
      logger
    factory_bot (6.5.6)
      activesupport (>= 6.1.0)
    ffi (1.17.3-aarch64-linux-gnu)
    ffi (1.17.3-aarch64-linux-musl)
    ffi (1.17.3-arm-linux-gnu)
    ffi (1.17.3-arm-linux-musl)
    ffi (1.17.3-x86_64-linux-gnu)
    ffi (1.17.3-x86_64-linux-musl)
    filigree (0.3.3)
    fog-aws (3.33.1)
      base64 (>= 0.2, < 0.4)
      fog-core (~> 2.6)
      fog-json (~> 1.1)
      fog-xml (~> 0.1)
    fog-core (2.6.0)
      builder
      excon (~> 1.0)
      formatador (>= 0.2, < 2.0)
      mime-types
    fog-json (1.2.0)
      fog-core
      multi_json (~> 1.10)
    fog-xml (0.1.5)
      fog-core
      nokogiri (>= 1.5.11, < 2.0.0)
    formatador (1.2.3)
      reline
    hana (1.3.7)
    hashdiff (1.2.1)
    i18n (1.14.8)
      concurrent-ruby (~> 1.0)
    io-console (0.8.2)
    json (2.18.1)
    json_schemer (2.5.0)
      bigdecimal
      hana (~> 1.3)
      regexp_parser (~> 2.0)
      simpleidn (~> 0.2)
    jwt (3.1.2)
      base64
    logger (1.7.0)
    matrix (0.4.3)
    method_source (1.1.0)
    mime-types (3.7.0)
      logger
      mime-types-data (~> 3.2025, >= 3.2025.0507)
    mime-types-data (3.2026.0224)
    mini_magick (5.3.1)
      logger
    minitest (6.0.2)
      drb (~> 2.0)
      prism (~> 1.5)
    multi_json (1.19.1)
    multipart-post (2.1.1)
    net-http-persistent (4.0.8)
      connection_pool (>= 2.2.4, < 4)
    net-protocol (0.2.2)
      timeout
    net-scp (4.1.0)
      net-ssh (>= 2.6.5, < 8.0.0)
    net-sftp (4.0.0)
      net-ssh (>= 5.0.0, < 8.0.0)
    net-smtp (0.5.1)
      net-protocol
    net-ssh (7.3.0)
    nio4r (2.7.5)
    nokogiri (1.19.1-aarch64-linux-gnu)
      racc (~> 1.4)
    nokogiri (1.19.1-aarch64-linux-musl)
      racc (~> 1.4)
    nokogiri (1.19.1-arm-linux-gnu)
      racc (~> 1.4)
    nokogiri (1.19.1-arm-linux-musl)
      racc (~> 1.4)
    nokogiri (1.19.1-x86_64-linux-gnu)
      racc (~> 1.4)
    nokogiri (1.19.1-x86_64-linux-musl)
      racc (~> 1.4)
    ostruct (0.6.3)
    packable (1.3.18)
    pg (1.6.3)
    pg (1.6.3-aarch64-linux)
    pg (1.6.3-aarch64-linux-musl)
    pg (1.6.3-x86_64-linux)
    pg (1.6.3-x86_64-linux-musl)
    prism (1.9.0)
    prometheus-client (4.2.5)
      base64
    pry (0.14.2)
      coderay (~> 1.1)
      method_source (~> 1.0)
    pry-byebug (3.12.0)
      byebug (~> 13.0)
      pry (>= 0.13, < 0.17)
    public_suffix (7.0.2)
    puma (7.2.0)
      nio4r (~> 2.0)
    racc (1.8.1)
    rack (3.2.5)
    rack-test (2.2.0)
      rack (>= 1.3)
    rack-throttle (0.7.1)
      bundler (>= 1.0.0)
      rack (>= 1.0.0)
    rake (13.3.1)
    regexp_parser (2.11.3)
    reline (0.6.3)
      io-console (~> 0.5)
    rexml (3.4.4)
    rltk (3.0.1)
      ffi (>= 1.0.0)
      filigree (>= 0.2.0)
    rollbar (3.7.0)
    rspec (3.13.2)
      rspec-core (~> 3.13.0)
      rspec-expectations (~> 3.13.0)
      rspec-mocks (~> 3.13.0)
    rspec-core (3.13.6)
      rspec-support (~> 3.13.0)
    rspec-expectations (3.13.5)
      diff-lcs (>= 1.2.0, < 2.0)
      rspec-support (~> 3.13.0)
    rspec-mocks (3.13.8)
      diff-lcs (>= 1.2.0, < 2.0)
      rspec-support (~> 3.13.0)
    rspec-support (3.13.7)
    rsync (1.0.9)
    ruby-next-core (1.2.0)
    ruby-ole (1.2.13.1)
    ruby-vips (2.3.0)
      ffi (~> 1.12)
      logger
    securerandom (0.4.1)
    sequel (5.101.0)
      bigdecimal
    sequel_pg (1.18.2)
      pg (>= 0.18.0, != 1.2.0)
      sequel (>= 4.38.0)
    simplecov (0.22.0)
      docile (~> 1.1)
      simplecov-html (~> 0.11)
      simplecov_json_formatter (~> 0.1)
    simplecov-html (0.13.2)
    simplecov_json_formatter (0.1.4)
    simpleidn (0.2.3)
    spreadsheet (1.3.4)
      bigdecimal
      logger
      ruby-ole
    timecop (0.9.10)
    timeout (0.6.0)
    tzinfo (2.0.6)
      concurrent-ruby (~> 1.0)
    uri (1.1.1)
    vcr (6.4.0)
    webmock (3.26.1)
      addressable (>= 2.8.0)
      crack (>= 0.3.2)
      hashdiff (>= 0.4.0, < 2.0.0)
    yabeda (0.14.0)
      anyway_config (>= 1.0, < 3)
      concurrent-ruby
      dry-initializer
    yabeda-prometheus (0.9.1)
      prometheus-client (>= 3.0, < 5.0)
      rack
      yabeda (~> 0.10)
    yabeda-puma-plugin (0.9.0)
      json
      puma
      yabeda (~> 0.5)

PLATFORMS
  aarch64-linux
  aarch64-linux-gnu
  aarch64-linux-musl
  arm-linux-gnu
  arm-linux-musl
  x86_64-linux-gnu
  x86_64-linux-musl

DEPENDENCIES
  activerecord
  activesupport (>= 4.2.6)
  addressable (~> 2.8.1)
  bcrypt_pbkdf (>= 1.0, < 2.0)
  concurrent-ruby
  connection_pool
  csv (~> 3.3)
  curb
  daru
  database_cleaner (= 1.8.5)
  debase
  ed25519 (>= 1.2, < 2.0)
  etna!
  factory_bot
  filigree (= 0.3.3)
  fog-aws
  json_schemer
  jwt
  matrix
  mini_magick
  multipart-post
  net-http-persistent
  net-scp
  net-sftp
  net-smtp (~> 0.5.1)
  net-ssh
  nokogiri
  ostruct (~> 0.6.3)
  pg
  prometheus-client
  pry (= 0.14.2)
  pry-byebug
  puma (>= 5.0.2)
  rack
  rack-test
  rack-throttle
  rake
  rltk
  rollbar
  rspec
  rsync (~> 1.0, >= 1.0.9)
  ruby-vips
  sequel
  sequel_pg
  simplecov
  spreadsheet
  timecop
  vcr
  webmock
  yabeda
  yabeda-prometheus
  yabeda-puma-plugin

CHECKSUMS
  activemodel (8.1.2) sha256=e21358c11ce68aed3f9838b7e464977bc007b4446c6e4059781e1d5c03bcf33e
  activerecord (8.1.2) sha256=acfbe0cadfcc50fa208011fe6f4eb01cae682ebae0ef57145ba45380c74bcc44
  activesupport (8.1.2) sha256=88842578ccd0d40f658289b0e8c842acfe9af751afee2e0744a7873f50b6fdae
  addressable (2.8.9) sha256=cc154fcbe689711808a43601dee7b980238ce54368d23e127421753e46895485
  anyway_config (2.8.0) sha256=f6797a7231f81202dcd3d0c07284e836e45713e761d320180348b13a5c7c9306
  base64 (0.3.0) sha256=27337aeabad6ffae05c265c450490628ef3ebd4b67be58257393227588f5a97b
  bcrypt_pbkdf (1.1.2) sha256=c2414c23ce66869b3eb9f643d6a3374d8322dfb5078125c82792304c10b94cf6
  bigdecimal (4.0.1) sha256=8b07d3d065a9f921c80ceaea7c9d4ae596697295b584c296fe599dd0ad01c4a7
  builder (3.3.0) sha256=497918d2f9dca528fdca4b88d84e4ef4387256d984b8154e9d5d3fe5a9c8835f
  byebug (13.0.0) sha256=d2263efe751941ca520fa29744b71972d39cbc41839496706f5d9b22e92ae05d
  coderay (1.1.3) sha256=dc530018a4684512f8f38143cd2a096c9f02a1fc2459edcfe534787a7fc77d4b
  concurrent-ruby (1.3.6) sha256=6b56837e1e7e5292f9864f34b69c5a2cbc75c0cf5338f1ce9903d10fa762d5ab
  connection_pool (3.0.2) sha256=33fff5ba71a12d2aa26cb72b1db8bba2a1a01823559fb01d29eb74c286e62e0a
  crack (1.0.1) sha256=ff4a10390cd31d66440b7524eb1841874db86201d5b70032028553130b6d4c7e
  csv (3.3.5) sha256=6e5134ac3383ef728b7f02725d9872934f523cb40b961479f69cf3afa6c8e73f
  curb (1.2.2) sha256=64ebccac50bd682bedb58a8b5456295c46a4eed67e84111f2d79041e1b6bacc7
  daru (0.3) sha256=46443fb21b63cf30e3e45aee37b93f9e45206fdcccb7c6d683a7224c849154e3
  database_cleaner (1.8.5) sha256=c0a8c26e2e25780fc3b9697d52c199ea7536ef6807aad9802c0b617ba0a68229
  debase (0.2.9) sha256=11840a33efd31c0cdf98df12fceed6d04dde0be575ce7e4c25aa7be613ff603f
  debase-ruby_core_source (4.0.0) sha256=8b30d299a27fd828b6610a5396e49df96ab9e3b20caef5327e6cdab22a860c42
  diff-lcs (1.6.2) sha256=9ae0d2cba7d4df3075fe8cd8602a8604993efc0dfa934cff568969efb1909962
  docile (1.4.1) sha256=96159be799bfa73cdb721b840e9802126e4e03dfc26863db73647204c727f21e
  drb (2.2.3) sha256=0b00d6fdb50995fe4a45dea13663493c841112e4068656854646f418fda13373
  dry-initializer (3.2.0) sha256=37d59798f912dc0a1efe14a4db4a9306989007b302dcd5f25d0a2a20c166c4e3
  ed25519 (1.4.0) sha256=16e97f5198689a154247169f3453ef4cfd3f7a47481fde0ae33206cdfdcac506
  etna (0.1.52)
  excon (1.3.2) sha256=a089babe98638e58042a7d542b2bbd183304527e33d612b6dde22fa491a544a5
  factory_bot (6.5.6) sha256=12beb373214dccc086a7a63763d6718c49769d5606f0501e0a4442676917e077
  ffi (1.17.3-aarch64-linux-gnu) sha256=28ad573df26560f0aedd8a90c3371279a0b2bd0b4e834b16a2baa10bd7a97068
  ffi (1.17.3-aarch64-linux-musl) sha256=020b33b76775b1abacc3b7d86b287cef3251f66d747092deec592c7f5df764b2
  ffi (1.17.3-arm-linux-gnu) sha256=5bd4cea83b68b5ec0037f99c57d5ce2dd5aa438f35decc5ef68a7d085c785668
  ffi (1.17.3-arm-linux-musl) sha256=0d7626bb96265f9af78afa33e267d71cfef9d9a8eb8f5525344f8da6c7d76053
  ffi (1.17.3-x86_64-linux-gnu) sha256=3746b01f677aae7b16dc1acb7cb3cc17b3e35bdae7676a3f568153fb0e2c887f
  ffi (1.17.3-x86_64-linux-musl) sha256=086b221c3a68320b7564066f46fed23449a44f7a1935f1fe5a245bd89d9aea56
  filigree (0.3.3) sha256=0fd8677567ffece15bb49bd032e32f8b21634ca7e87d86191269ede6517bc227
  fog-aws (3.33.1) sha256=20c7336ed978be6cbf2765844c53f30676288af98f1cb49945aa7b7b45a799a5
  fog-core (2.6.0) sha256=3fe08aa83a23cddce42f4ba412040c08f890d7ff04c175c0ee59119371245be6
  fog-json (1.2.0) sha256=dd4f5ab362dbc72b687240bba9d2dd841d5dfe888a285797533f85c03ea548fe
  fog-xml (0.1.5) sha256=52b9fea10701461dd3eaf9d9839702169b418dbbf50426786b9b74fade373bd6
  formatador (1.2.3) sha256=19fa898133c2c26cdbb5d09f6998c1e137ad9427a046663e55adfe18b950d894
  hana (1.3.7) sha256=5425db42d651fea08859811c29d20446f16af196308162894db208cac5ce9b0d
  hashdiff (1.2.1) sha256=9c079dbc513dfc8833ab59c0c2d8f230fa28499cc5efb4b8dd276cf931457cd1
  i18n (1.14.8) sha256=285778639134865c5e0f6269e0b818256017e8cde89993fdfcbfb64d088824a5
  io-console (0.8.2) sha256=d6e3ae7a7cc7574f4b8893b4fca2162e57a825b223a177b7afa236c5ef9814cc
  json (2.18.1) sha256=fe112755501b8d0466b5ada6cf50c8c3f41e897fa128ac5d263ec09eedc9f986
  json_schemer (2.5.0) sha256=2f01fb4cce721a4e08dd068fc2030cffd0702a7f333f1ea2be6e8991f00ae396
  jwt (3.1.2) sha256=af6991f19a6bb4060d618d9add7a66f0eeb005ac0bc017cd01f63b42e122d535
  logger (1.7.0) sha256=196edec7cc44b66cfb40f9755ce11b392f21f7967696af15d274dde7edff0203
  matrix (0.4.3) sha256=a0d5ab7ddcc1973ff690ab361b67f359acbb16958d1dc072b8b956a286564c5b
  method_source (1.1.0) sha256=181301c9c45b731b4769bc81e8860e72f9161ad7d66dd99103c9ab84f560f5c5
  mime-types (3.7.0) sha256=dcebf61c246f08e15a4de34e386ebe8233791e868564a470c3fe77c00eed5e56
  mime-types-data (3.2026.0224) sha256=bea02e0168b37f6935696c4fcfeb3374a0a62e82e6187af5f3f3b709bf67e5fd
  mini_magick (5.3.1) sha256=29395dfd76badcabb6403ee5aff6f681e867074f8f28ce08d78661e9e4a351c4
  minitest (6.0.2) sha256=db6e57956f6ecc6134683b4c87467d6dd792323c7f0eea7b93f66bd284adbc3d
  multi_json (1.19.1) sha256=7aefeff8f2c854bf739931a238e4aea64592845e0c0395c8a7d2eea7fdd631b7
  multipart-post (2.1.1) sha256=d2dd7aa957650e0d99e0513cd388401b069f09528441b87d884609c8e94ffcfd
  net-http-persistent (4.0.8) sha256=ef3de8319d691537b329053fae3a33195f8b070bbbfae8bf1a58c796081960e6
  net-protocol (0.2.2) sha256=aa73e0cba6a125369de9837b8d8ef82a61849360eba0521900e2c3713aa162a8
  net-scp (4.1.0) sha256=a99b0b92a1e5d360b0de4ffbf2dc0c91531502d3d4f56c28b0139a7c093d1a5d
  net-sftp (4.0.0) sha256=65bb91c859c2f93b09826757af11b69af931a3a9155050f50d1b06d384526364
  net-smtp (0.5.1) sha256=ed96a0af63c524fceb4b29b0d352195c30d82dd916a42f03c62a3a70e5b70736
  net-ssh (7.3.0) sha256=172076c4b30ce56fb25a03961b0c4da14e1246426401b0f89cba1a3b54bf3ef0
  nio4r (2.7.5) sha256=6c90168e48fb5f8e768419c93abb94ba2b892a1d0602cb06eef16d8b7df1dca1
  nokogiri (1.19.1-aarch64-linux-gnu) sha256=cfdb0eafd9a554a88f12ebcc688d2b9005f9fce42b00b970e3dc199587b27f32
  nokogiri (1.19.1-aarch64-linux-musl) sha256=1e2150ab43c3b373aba76cd1190af7b9e92103564063e48c474f7600923620b5
  nokogiri (1.19.1-arm-linux-gnu) sha256=0a39ed59abe3bf279fab9dd4c6db6fe8af01af0608f6e1f08b8ffa4e5d407fa3
  nokogiri (1.19.1-arm-linux-musl) sha256=3a18e559ee499b064aac6562d98daab3d39ba6cbb4074a1542781b2f556db47d
  nokogiri (1.19.1-x86_64-linux-gnu) sha256=1a4902842a186b4f901078e692d12257678e6133858d0566152fe29cdb98456a
  nokogiri (1.19.1-x86_64-linux-musl) sha256=4267f38ad4fc7e52a2e7ee28ed494e8f9d8eb4f4b3320901d55981c7b995fc23
  ostruct (0.6.3) sha256=95a2ed4a4bd1d190784e666b47b2d3f078e4a9efda2fccf18f84ddc6538ed912
  packable (1.3.18) sha256=9b5d6588ef6f5eaf02c2e44b4f9b9d6cbd672896eb13e3ac9fbfe7a827d1607f
  pg (1.6.3) sha256=1388d0563e13d2758c1089e35e973a3249e955c659592d10e5b77c468f628a99
  pg (1.6.3-aarch64-linux) sha256=0698ad563e02383c27510b76bf7d4cd2de19cd1d16a5013f375dd473e4be72ea
  pg (1.6.3-aarch64-linux-musl) sha256=06a75f4ea04b05140146f2a10550b8e0d9f006a79cdaf8b5b130cde40e3ecc2c
  pg (1.6.3-x86_64-linux) sha256=5d9e188c8f7a0295d162b7b88a768d8452a899977d44f3274d1946d67920ae8d
  pg (1.6.3-x86_64-linux-musl) sha256=9c9c90d98c72f78eb04c0f55e9618fe55d1512128e411035fe229ff427864009
  prism (1.9.0) sha256=7b530c6a9f92c24300014919c9dcbc055bf4cdf51ec30aed099b06cd6674ef85
  prometheus-client (4.2.5) sha256=807bebc3e92ccd9f4d814d90be15e85338f3708d227badf80924ef3f6e7d5225
  pry (0.14.2) sha256=c4fe54efedaca1d351280b45b8849af363184696fcac1c72e0415f9bdac4334d
  pry-byebug (3.12.0) sha256=594e094ae8a8390a7ad4c7b36ae36e13304ed02664c67417d108dc5f7213d1b7
  public_suffix (7.0.2) sha256=9114090c8e4e7135c1fd0e7acfea33afaab38101884320c65aaa0ffb8e26a857
  puma (7.2.0) sha256=bf8ef4ab514a4e6d4554cb4326b2004eba5036ae05cf765cfe51aba9706a72a8
  racc (1.8.1) sha256=4a7f6929691dbec8b5209a0b373bc2614882b55fc5d2e447a21aaa691303d62f
  rack (3.2.5) sha256=4cbd0974c0b79f7a139b4812004a62e4c60b145cba76422e288ee670601ed6d3
  rack-test (2.2.0) sha256=005a36692c306ac0b4a9350355ee080fd09ddef1148a5f8b2ac636c720f5c463
  rack-throttle (0.7.1) sha256=d066f876b316c65645bf7b93a706bfc9a819b0a4ed5e5f8729fbad816f0c57c5
  rake (13.3.1) sha256=8c9e89d09f66a26a01264e7e3480ec0607f0c497a861ef16063604b1b08eb19c
  regexp_parser (2.11.3) sha256=ca13f381a173b7a93450e53459075c9b76a10433caadcb2f1180f2c741fc55a4
  reline (0.6.3) sha256=1198b04973565b36ec0f11542ab3f5cfeeec34823f4e54cebde90968092b1835
  rexml (3.4.4) sha256=19e0a2c3425dfbf2d4fc1189747bdb2f849b6c5e74180401b15734bc97b5d142
  rltk (3.0.1) sha256=8ab2215c3827b425d9deceef97fa943aa85844013344d9c50c0c775c1bddb9ea
  rollbar (3.7.0) sha256=915853168dd61e41621b482d5f3c38e32a0b3ce57e72252a4bf9eae906571d86
  rspec (3.13.2) sha256=206284a08ad798e61f86d7ca3e376718d52c0bc944626b2349266f239f820587
  rspec-core (3.13.6) sha256=a8823c6411667b60a8bca135364351dda34cd55e44ff94c4be4633b37d828b2d
  rspec-expectations (3.13.5) sha256=33a4d3a1d95060aea4c94e9f237030a8f9eae5615e9bd85718fe3a09e4b58836
  rspec-mocks (3.13.8) sha256=086ad3d3d17533f4237643de0b5c42f04b66348c28bf6b9c2d3f4a3b01af1d47
  rspec-support (3.13.7) sha256=0640e5570872aafefd79867901deeeeb40b0c9875a36b983d85f54fb7381c47c
  rsync (1.0.9) sha256=bbdb69727a7cf17a26be5dce197d15957dfaf8ed4814811da6b1ef17f0110b5d
  ruby-next-core (1.2.0) sha256=f6a7d00bb5186cecbb02f7f1845a0f3a2c9788d35b6ccff5c9be3f0d46799b86
  ruby-ole (1.2.13.1) sha256=578d10dd2a797a2b35a1286c6fb2c9525f67c24791346fc8015d39f0ffa3cb72
  ruby-vips (2.3.0) sha256=e685ec02c13969912debbd98019e50492e12989282da5f37d05f5471442f5374
  securerandom (0.4.1) sha256=cc5193d414a4341b6e225f0cb4446aceca8e50d5e1888743fac16987638ea0b1
  sequel (5.101.0) sha256=d2ae3fd997a7c4572e8357918e777869faf90dc19310fcd6332747122aed2b29
  sequel_pg (1.18.2) sha256=6bdf0f5f13e062ef0e4b1fd2ddafbe6a13d1aab579473c9627ef4e88da431953
  simplecov (0.22.0) sha256=fe2622c7834ff23b98066bb0a854284b2729a569ac659f82621fc22ef36213a5
  simplecov-html (0.13.2) sha256=bd0b8e54e7c2d7685927e8d6286466359b6f16b18cb0df47b508e8d73c777246
  simplecov_json_formatter (0.1.4) sha256=529418fbe8de1713ac2b2d612aa3daa56d316975d307244399fa4838c601b428
  simpleidn (0.2.3) sha256=08ce96f03fa1605286be22651ba0fc9c0b2d6272c9b27a260bc88be05b0d2c29
  spreadsheet (1.3.4) sha256=0aefd6f3dfdc8b43528109f7fbd54db54f85ce5920429413d48305906bc59253
  timecop (0.9.10) sha256=12ba45ce57cdcf6b1043cb6cdffa6381fd89ce10d369c28a7f6f04dc1b0cd8eb
  timeout (0.6.0) sha256=6d722ad619f96ee383a0c557ec6eb8c4ecb08af3af62098a0be5057bf00de1af
  tzinfo (2.0.6) sha256=8daf828cc77bcf7d63b0e3bdb6caa47e2272dcfaf4fbfe46f8c3a9df087a829b
  uri (1.1.1) sha256=379fa58d27ffb1387eaada68c749d1426738bd0f654d812fcc07e7568f5c57c6
  vcr (6.4.0) sha256=077ac92cc16efc5904eb90492a18153b5e6ca5398046d8a249a7c96a9ea24ae6
  webmock (3.26.1) sha256=4f696fb57c90a827c20aadb2d4f9058bbff10f7f043bd0d4c3f58791143b1cd7
  yabeda (0.14.0) sha256=bc517bf22d692ebd80a29fc9fd2246c257aaf92d10b2735a775e2419351a43bf
  yabeda-prometheus (0.9.1) sha256=b87d80cae8cffbeb527c25d288eafa8eed9c1fb56cf49616db5c8611768cd5fd
  yabeda-puma-plugin (0.9.0) sha256=b78673ecc7ee30bc50691ddc41b7022c1c1801843900d5101418f4a14b550bc8

RUBY VERSION
  ruby 4.0.1

BUNDLED WITH
  4.0.7
