{
  "R": {
    "Version": "4.2.1",
    "Repositories": [
      {
        "Name": "CRAN",
        "URL": "https://cloud.r-project.org"
      }
    ]
  },
  "Packages": {
    "dataflow": {
      "Package": "dataflow",
      "Version": "0.1.0",
      "Source": "Local",
      "RemoteType": "local",
      "RemoteUrl": "/app/archimedes-r/functions/dataflow",
      "Hash": "748b96b79e8589f4ee66529c4b21f01f",
      "Requirements": []
    },
    "renv": {
      "Package": "renv",
      "Version": "0.15.5",
      "Source": "Repository",
      "Repository": "CRAN",
      "Hash": "6a38294e7d12f5d8e656b08c5bd8ae34",
      "Requirements": []
    }
  }
}
